{
  "requires": true,
  "lockfileVersion": 1,
  "dependencies": {
    "now": {
      "version": "17.0.3",
      "resolved": "https://registry.npmjs.org/now/-/now-17.0.3.tgz",
      "integrity": "sha512-poZW/PaAXNExf5Aypri+pmtbAWQB/jkEdPpF8MaaWYylAhBZUYk3tbyNmMLeJNxt9V8h1EnGLUwTAakjMEXcJA=="
    }
  }
}
